
Microsoft Visual Studio Solution File, Format Version 12.00
# Visual Studio Version 17
VisualStudioVersion = 17.9.34728.123
MinimumVisualStudioVersion = 10.0.40219.1
Project("{FAE04EC0-301F-11D3-BF4B-00C04F79EFBC}") = "SFmodule13", "SFmodule13\SFmodule13.csproj", "{270EDFFF-EB7A-4862-81EC-85907ECAE2C7}"
EndProject
Project("{FAE04EC0-301F-11D3-BF4B-00C04F79EFBC}") = "Task13.1.4", "Task13.1.4\Task13.1.4.csproj", "{ECB384A3-2F09-4CBA-AB8D-78E06A278EF2}"
EndProject
Project("{FAE04EC0-301F-11D3-BF4B-00C04F79EFBC}") = "Task13.2.5", "Task13.2.5\Task13.2.5.csproj", "{9314799C-14BE-4D76-958F-08E6021CE28A}"
EndProject
Global
	GlobalSection(SolutionConfigurationPlatforms) = preSolution
		Debug|Any CPU = Debug|Any CPU
		Release|Any CPU = Release|Any CPU
	EndGlobalSection
	GlobalSection(ProjectConfigurationPlatforms) = postSolution
		{270EDFFF-EB7A-4862-81EC-85907ECAE2C7}.Debug|Any CPU.ActiveCfg = Debug|Any CPU
		{270EDFFF-EB7A-4862-81EC-85907ECAE2C7}.Debug|Any CPU.Build.0 = Debug|Any CPU
		{270EDFFF-EB7A-4862-81EC-85907ECAE2C7}.Release|Any CPU.ActiveCfg = Release|Any CPU
		{270EDFFF-EB7A-4862-81EC-85907ECAE2C7}.Release|Any CPU.Build.0 = Release|Any CPU
		{ECB384A3-2F09-4CBA-AB8D-78E06A278EF2}.Debug|Any CPU.ActiveCfg = Debug|Any CPU
		{ECB384A3-2F09-4CBA-AB8D-78E06A278EF2}.Debug|Any CPU.Build.0 = Debug|Any CPU
		{ECB384A3-2F09-4CBA-AB8D-78E06A278EF2}.Release|Any CPU.ActiveCfg = Release|Any CPU
		{ECB384A3-2F09-4CBA-AB8D-78E06A278EF2}.Release|Any CPU.Build.0 = Release|Any CPU
		{9314799C-14BE-4D76-958F-08E6021CE28A}.Debug|Any CPU.ActiveCfg = Debug|Any CPU
		{9314799C-14BE-4D76-958F-08E6021CE28A}.Debug|Any CPU.Build.0 = Debug|Any CPU
		{9314799C-14BE-4D76-958F-08E6021CE28A}.Release|Any CPU.ActiveCfg = Release|Any CPU
		{9314799C-14BE-4D76-958F-08E6021CE28A}.Release|Any CPU.Build.0 = Release|Any CPU
	EndGlobalSection
	GlobalSection(SolutionProperties) = preSolution
		HideSolutionNode = FALSE
	EndGlobalSection
	GlobalSection(ExtensibilityGlobals) = postSolution
		SolutionGuid = {F8456B96-7BC5-472B-A6DB-D172800A4270}
	EndGlobalSection
EndGlobal
